// !$*UTF8*$!
{
	archiveVersion = 1;
	classes = {
	};
	objectVersion = 46;
	objects = {

/* Begin PBXBuildFile section */
		C69388811982AA2A0012E58C /* AppDelegate.swift in Sources */ = {isa = PBXBuildFile; fileRef = C69388801982AA2A0012E58C /* AppDelegate.swift */; };
		C69388831982AA2A0012E58C /* ViewController.swift in Sources */ = {isa = PBXBuildFile; fileRef = C69388821982AA2A0012E58C /* ViewController.swift */; };
		C69388861982AA2A0012E58C /* Main.storyboard in Resources */ = {isa = PBXBuildFile; fileRef = C69388841982AA2A0012E58C /* Main.storyboard */; };
		C69388881982AA2A0012E58C /* Images.xcassets in Resources */ = {isa = PBXBuildFile; fileRef = C69388871982AA2A0012E58C /* Images.xcassets */; };
		C69388941982AA2A0012E58C /* rare_muchTests.swift in Sources */ = {isa = PBXBuildFile; fileRef = C69388931982AA2A0012E58C /* rare_muchTests.swift */; };
/* End PBXBuildFile section */

/* Begin PBXContainerItemProxy section */
		C693888E1982AA2A0012E58C /* PBXContainerItemProxy */ = {
			isa = PBXContainerItemProxy;
			containerPortal = C69388731982AA2A0012E58C /* Project object */;
			proxyType = 1;
			remoteGlobalIDString = C693887A1982AA2A0012E58C;
			remoteInfo = "rare-much";
		};
/* End PBXContainerItemProxy section */

/* Begin PBXFileReference section */
		C693887B1982AA2A0012E58C /* rare-much.app */ = {isa = PBXFileReference; explicitFileType = wrapper.application; includeInIndex = 0; path = "rare-much.app"; sourceTree = BUILT_PRODUCTS_DIR; };
		C693887F1982AA2A0012E58C /* Info.plist */ = {isa = PBXFileReference; lastKnownFileType = text.plist.xml; path = Info.plist; sourceTree = "<group>"; };
		C69388801982AA2A0012E58C /* AppDelegate.swift */ = {isa = PBXFileReference; lastKnownFileType = sourcecode.swift; path = AppDelegate.swift; sourceTree = "<group>"; };
		C69388821982AA2A0012E58C /* ViewController.swift */ = {isa = PBXFileReference; lastKnownFileType = sourcecode.swift; path = ViewController.swift; sourceTree = "<group>"; };
		C69388851982AA2A0012E58C /* Base */ = {isa = PBXFileReference; lastKnownFileType = file.storyboard; name = Base; path = Base.lproj/Main.storyboard; sourceTree = "<group>"; };
		C69388871982AA2A0012E58C /* Images.xcassets */ = {isa = PBXFileReference; lastKnownFileType = folder.assetcatalog; path = Images.xcassets; sourceTree = "<group>"; };
		C693888D1982AA2A0012E58C /* rare-muchTests.xctest */ = {isa = PBXFileReference; explicitFileType = wrapper.cfbundle; includeInIndex = 0; path = "rare-muchTests.xctest"; sourceTree = BUILT_PRODUCTS_DIR; };
		C69388921982AA2A0012E58C /* Info.plist */ = {isa = PBXFileReference; lastKnownFileType = text.plist.xml; path = Info.plist; sourceTree = "<group>"; };
		C69388931982AA2A0012E58C /* rare_muchTests.swift */ = {isa = PBXFileReference; lastKnownFileType = sourcecode.swift; path = rare_muchTests.swift; sourceTree = "<group>"; };
/* End PBXFileReference section */

/* Begin PBXFrameworksBuildPhase section */
		C69388781982AA2A0012E58C /* Frameworks */ = {
			isa = PBXFrameworksBuildPhase;
			buildActionMask = 2147483647;
			files = (
			);
			runOnlyForDeploymentPostprocessing = 0;
		};
		C693888A1982AA2A0012E58C /* Frameworks */ = {
			isa = PBXFrameworksBuildPhase;
			buildActionMask = 2147483647;
			files = (
			);
			runOnlyForDeploymentPostprocessing = 0;
		};
/* End PBXFrameworksBuildPhase section */

/* Begin PBXGroup section */
		C69388721982AA2A0012E58C = {
			isa = PBXGroup;
			children = (
				C693887D1982AA2A0012E58C /* rare-much */,
				C69388901982AA2A0012E58C /* rare-muchTests */,
				C693887C1982AA2A0012E58C /* Products */,
			);
			sourceTree = "<group>";
		};
		C693887C1982AA2A0012E58C /* Products */ = {
			isa = PBXGroup;
			children = (
				C693887B1982AA2A0012E58C /* rare-much.app */,
				C693888D1982AA2A0012E58C /* rare-muchTests.xctest */,
			);
			name = Products;
			sourceTree = "<group>";
		};
		C693887D1982AA2A0012E58C /* rare-much */ = {
			isa = PBXGroup;
			children = (
				C69388801982AA2A0012E58C /* AppDelegate.swift */,
				C69388821982AA2A0012E58C /* ViewController.swift */,
				C69388841982AA2A0012E58C /* Main.storyboard */,
				C69388871982AA2A0012E58C /* Images.xcassets */,
				C693887E1982AA2A0012E58C /* Supporting Files */,
			);
			path = "rare-much";
			sourceTree = "<group>";
		};
		C693887E1982AA2A0012E58C /* Supporting Files */ = {
			isa = PBXGroup;
			children = (
				C693887F1982AA2A0012E58C /* Info.plist */,
			);
			name = "Supporting Files";
			sourceTree = "<group>";
		};
		C69388901982AA2A0012E58C /* rare-muchTests */ = {
			isa = PBXGroup;
			children = (
				C69388931982AA2A0012E58C /* rare_muchTests.swift */,
				C69388911982AA2A0012E58C /* Supporting Files */,
			);
			path = "rare-muchTests";
			sourceTree = "<group>";
		};
		C69388911982AA2A0012E58C /* Supporting Files */ = {
			isa = PBXGroup;
			children = (
				C69388921982AA2A0012E58C /* Info.plist */,
			);
			name = "Supporting Files";
			sourceTree = "<group>";
		};
/* End PBXGroup section */

/* Begin PBXNativeTarget section */
		C693887A1982AA2A0012E58C /* rare-much */ = {
			isa = PBXNativeTarget;
			buildConfigurationList = C69388971982AA2A0012E58C /* Build configuration list for PBXNativeTarget "rare-much" */;
			buildPhases = (
				C69388771982AA2A0012E58C /* Sources */,
				C69388781982AA2A0012E58C /* Frameworks */,
				C69388791982AA2A0012E58C /* Resources */,
			);
			buildRules = (
			);
			dependencies = (
			);
			name = "rare-much";
			productName = "rare-much";
			productReference = C693887B1982AA2A0012E58C /* rare-much.app */;
			productType = "com.apple.product-type.application";
		};
		C693888C1982AA2A0012E58C /* rare-muchTests */ = {
			isa = PBXNativeTarget;
			buildConfigurationList = C693889A1982AA2A0012E58C /* Build configuration list for PBXNativeTarget "rare-muchTests" */;
			buildPhases = (
				C69388891982AA2A0012E58C /* Sources */,
				C693888A1982AA2A0012E58C /* Frameworks */,
				C693888B1982AA2A0012E58C /* Resources */,
			);
			buildRules = (
			);
			dependencies = (
				C693888F1982AA2A0012E58C /* PBXTargetDependency */,
			);
			name = "rare-muchTests";
			productName = "rare-muchTests";
			productReference = C693888D1982AA2A0012E58C /* rare-muchTests.xctest */;
			productType = "com.apple.product-type.bundle.unit-test";
		};
/* End PBXNativeTarget section */

/* Begin PBXProject section */
		C69388731982AA2A0012E58C /* Project object */ = {
			isa = PBXProject;
			attributes = {
				LastUpgradeCheck = 0600;
				ORGANIZATIONNAME = "Yandex, LLC";
				TargetAttributes = {
					C693887A1982AA2A0012E58C = {
						CreatedOnToolsVersion = 6.0;
						SystemCapabilities = {
							com.apple.BackgroundModes = {
								enabled = 1;
							};
						};
					};
					C693888C1982AA2A0012E58C = {
						CreatedOnToolsVersion = 6.0;
						TestTargetID = C693887A1982AA2A0012E58C;
					};
				};
			};
			buildConfigurationList = C69388761982AA2A0012E58C /* Build configuration list for PBXProject "rare-much" */;
			compatibilityVersion = "Xcode 3.2";
			developmentRegion = English;
			hasScannedForEncodings = 0;
			knownRegions = (
				en,
				Base,
			);
			mainGroup = C69388721982AA2A0012E58C;
			productRefGroup = C693887C1982AA2A0012E58C /* Products */;
			projectDirPath = "";
			projectRoot = "";
			targets = (
				C693887A1982AA2A0012E58C /* rare-much */,
				C693888C1982AA2A0012E58C /* rare-muchTests */,
			);
		};
/* End PBXProject section */

/* Begin PBXResourcesBuildPhase section */
		C69388791982AA2A0012E58C /* Resources */ = {
			isa = PBXResourcesBuildPhase;
			buildActionMask = 2147483647;
			files = (
				C69388861982AA2A0012E58C /* Main.storyboard in Resources */,
				C69388881982AA2A0012E58C /* Images.xcassets in Resources */,
			);
			runOnlyForDeploymentPostprocessing = 0;
		};
		C693888B1982AA2A0012E58C /* Resources */ = {
			isa = PBXResourcesBuildPhase;
			buildActionMask = 2147483647;
			files = (
			);
			runOnlyForDeploymentPostprocessing = 0;
		};
/* End PBXResourcesBuildPhase section */

/* Begin PBXSourcesBuildPhase section */
		C69388771982AA2A0012E58C /* Sources */ = {
			isa = PBXSourcesBuildPhase;
			buildActionMask = 2147483647;
			files = (
				C69388831982AA2A0012E58C /* ViewController.swift in Sources */,
				C69388811982AA2A0012E58C /* AppDelegate.swift in Sources */,
			);
			runOnlyForDeploymentPostprocessing = 0;
		};
		C69388891982AA2A0012E58C /* Sources */ = {
			isa = PBXSourcesBuildPhase;
			buildActionMask = 2147483647;
			files = (
				C69388941982AA2A0012E58C /* rare_muchTests.swift in Sources */,
			);
			runOnlyForDeploymentPostprocessing = 0;
		};
/* End PBXSourcesBuildPhase section */

/* Begin PBXTargetDependency section */
		C693888F1982AA2A0012E58C /* PBXTargetDependency */ = {
			isa = PBXTargetDependency;
			target = C693887A1982AA2A0012E58C /* rare-much */;
			targetProxy = C693888E1982AA2A0012E58C /* PBXContainerItemProxy */;
		};
/* End PBXTargetDependency section */

/* Begin PBXVariantGroup section */
		C69388841982AA2A0012E58C /* Main.storyboard */ = {
			isa = PBXVariantGroup;
			children = (
				C69388851982AA2A0012E58C /* Base */,
			);
			name = Main.storyboard;
			sourceTree = "<group>";
		};
/* End PBXVariantGroup section */

/* Begin XCBuildConfiguration section */
		C69388951982AA2A0012E58C /* Debug */ = {
			isa = XCBuildConfiguration;
			buildSettings = {
				ALWAYS_SEARCH_USER_PATHS = NO;
				CLANG_CXX_LANGUAGE_STANDARD = "gnu++0x";
				CLANG_CXX_LIBRARY = "libc++";
				CLANG_ENABLE_MODULES = YES;
				CLANG_ENABLE_OBJC_ARC = YES;
				CLANG_WARN_BOOL_CONVERSION = YES;
				CLANG_WARN_CONSTANT_CONVERSION = YES;
				CLANG_WARN_DIRECT_OBJC_ISA_USAGE = YES_ERROR;
				CLANG_WARN_EMPTY_BODY = YES;
				CLANG_WARN_ENUM_CONVERSION = YES;
				CLANG_WARN_INT_CONVERSION = YES;
				CLANG_WARN_OBJC_ROOT_CLASS = YES_ERROR;
				CLANG_WARN_UNREACHABLE_CODE = YES;
				CLANG_WARN__DUPLICATE_METHOD_MATCH = YES;
				"CODE_SIGN_IDENTITY[sdk=iphoneos*]" = "iPhone Developer";
				COPY_PHASE_STRIP = NO;
				ENABLE_STRICT_OBJC_MSGSEND = YES;
				GCC_C_LANGUAGE_STANDARD = gnu99;
				GCC_DYNAMIC_NO_PIC = NO;
				GCC_OPTIMIZATION_LEVEL = 0;
				GCC_PREPROCESSOR_DEFINITIONS = (
					"DEBUG=1",
					"$(inherited)",
				);
				GCC_SYMBOLS_PRIVATE_EXTERN = NO;
				GCC_WARN_64_TO_32_BIT_CONVERSION = YES;
				GCC_WARN_ABOUT_RETURN_TYPE = YES_ERROR;
				GCC_WARN_UNDECLARED_SELECTOR = YES;
				GCC_WARN_UNINITIALIZED_AUTOS = YES_AGGRESSIVE;
				GCC_WARN_UNUSED_FUNCTION = YES;
				GCC_WARN_UNUSED_VARIABLE = YES;
				IPHONEOS_DEPLOYMENT_TARGET = 8.0;
				MTL_ENABLE_DEBUG_INFO = YES;
				ONLY_ACTIVE_ARCH = YES;
				SDKROOT = iphoneos;
				SWIFT_OPTIMIZATION_LEVEL = "-Onone";
				TARGETED_DEVICE_FAMILY = "1,2";
			};
			name = Debug;
		};
		C69388961982AA2A0012E58C /* Release */ = {
			isa = XCBuildConfiguration;
			buildSettings = {
				ALWAYS_SEARCH_USER_PATHS = NO;
				CLANG_CXX_LANGUAGE_STANDARD = "gnu++0x";
				CLANG_CXX_LIBRARY = "libc++";
				CLANG_ENABLE_MODULES = YES;
				CLANG_ENABLE_OBJC_ARC = YES;
				CLANG_WARN_BOOL_CONVERSION = YES;
				CLANG_WARN_CONSTANT_CONVERSION = YES;
				CLANG_WARN_DIRECT_OBJC_ISA_USAGE = YES_ERROR;
				CLANG_WARN_EMPTY_BODY = YES;
				CLANG_WARN_ENUM_CONVERSION = YES;
				CLANG_WARN_INT_CONVERSION = YES;
				CLANG_WARN_OBJC_ROOT_CLASS = YES_ERROR;
				CLANG_WARN_UNREACHABLE_CODE = YES;
				CLANG_WARN__DUPLICATE_METHOD_MATCH = YES;
				"CODE_SIGN_IDENTITY[sdk=iphoneos*]" = "iPhone Developer";
				COPY_PHASE_STRIP = YES;
				ENABLE_NS_ASSERTIONS = NO;
				ENABLE_STRICT_OBJC_MSGSEND = YES;
				GCC_C_LANGUAGE_STANDARD = gnu99;
				GCC_WARN_64_TO_32_BIT_CONVERSION = YES;
				GCC_WARN_ABOUT_RETURN_TYPE = YES_ERROR;
				GCC_WARN_UNDECLARED_SELECTOR = YES;
				GCC_WARN_UNINITIALIZED_AUTOS = YES_AGGRESSIVE;
				GCC_WARN_UNUSED_FUNCTION = YES;
				GCC_WARN_UNUSED_VARIABLE = YES;
				IPHONEOS_DEPLOYMENT_TARGET = 8.0;
				MTL_ENABLE_DEBUG_INFO = NO;
				SDKROOT = iphoneos;
				TARGETED_DEVICE_FAMILY = "1,2";
				VALIDATE_PRODUCT = YES;
			};
			name = Release;
		};
		C69388981982AA2A0012E58C /* Debug */ = {
			isa = XCBuildConfiguration;
			buildSettings = {
				ASSETCATALOG_COMPILER_APPICON_NAME = AppIcon;
				ASSETCATALOG_COMPILER_LAUNCHIMAGE_NAME = LaunchImage;
				INFOPLIST_FILE = "rare-much/Info.plist";
				LD_RUNPATH_SEARCH_PATHS = "$(inherited) @executable_path/Frameworks";
				PRODUCT_NAME = "$(TARGET_NAME)";
			};
			name = Debug;
		};
		C69388991982AA2A0012E58C /* Release */ = {
			isa = XCBuildConfiguration;
			buildSettings = {
				ASSETCATALOG_COMPILER_APPICON_NAME = AppIcon;
				ASSETCATALOG_COMPILER_LAUNCHIMAGE_NAME = LaunchImage;
				INFOPLIST_FILE = "rare-much/Info.plist";
				LD_RUNPATH_SEARCH_PATHS = "$(inherited) @executable_path/Frameworks";
				PRODUCT_NAME = "$(TARGET_NAME)";
			};
			name = Release;
		};
		C693889B1982AA2A0012E58C /* Debug */ = {
			isa = XCBuildConfiguration;
			buildSettings = {
				BUNDLE_LOADER = "$(BUILT_PRODUCTS_DIR)/rare-much.app/rare-much";
				FRAMEWORK_SEARCH_PATHS = (
					"$(SDKROOT)/Developer/Library/Frameworks",
					"$(inherited)",
				);
				GCC_PREPROCESSOR_DEFINITIONS = (
					"DEBUG=1",
					"$(inherited)",
				);
				INFOPLIST_FILE = "rare-muchTests/Info.plist";
				LD_RUNPATH_SEARCH_PATHS = "$(inherited) @executable_path/Frameworks @loader_path/Frameworks";
				PRODUCT_NAME = "$(TARGET_NAME)";
				TEST_HOST = "$(BUNDLE_LOADER)";
			};
			name = Debug;
		};
		C693889C1982AA2A0012E58C /* Release */ = {
			isa = XCBuildConfiguration;
			buildSettings = {
				BUNDLE_LOADER = "$(BUILT_PRODUCTS_DIR)/rare-much.app/rare-much";
				FRAMEWORK_SEARCH_PATHS = (
					"$(SDKROOT)/Developer/Library/Frameworks",
					"$(inherited)",
				);
				INFOPLIST_FILE = "rare-muchTests/Info.plist";
				LD_RUNPATH_SEARCH_PATHS = "$(inherited) @executable_path/Frameworks @loader_path/Frameworks";
				PRODUCT_NAME = "$(TARGET_NAME)";
				TEST_HOST = "$(BUNDLE_LOADER)";
			};
			name = Release;
		};
/* End XCBuildConfiguration section */

/* Begin XCConfigurationList section */
		C69388761982AA2A0012E58C /* Build configuration list for PBXProject "rare-much" */ = {
			isa = XCConfigurationList;
			buildConfigurations = (
				C69388951982AA2A0012E58C /* Debug */,
				C69388961982AA2A0012E58C /* Release */,
			);
			defaultConfigurationIsVisible = 0;
			defaultConfigurationName = Release;
		};
		C69388971982AA2A0012E58C /* Build configuration list for PBXNativeTarget "rare-much" */ = {
			isa = XCConfigurationList;
			buildConfigurations = (
				C69388981982AA2A0012E58C /* Debug */,
				C69388991982AA2A0012E58C /* Release */,
			);
			defaultConfigurationIsVisible = 0;
		};
		C693889A1982AA2A0012E58C /* Build configuration list for PBXNativeTarget "rare-muchTests" */ = {
			isa = XCConfigurationList;
			buildConfigurations = (
				C693889B1982AA2A0012E58C /* Debug */,
				C693889C1982AA2A0012E58C /* Release */,
			);
			defaultConfigurationIsVisible = 0;
		};
/* End XCConfigurationList section */
	};
	rootObject = C69388731982AA2A0012E58C /* Project object */;
}
