// !$*UTF8*$!
{
	archiveVersion = 1;
	classes = {
	};
	objectVersion = 46;
	objects = {

/* Begin PBXBuildFile section */
		C69389831982ACC80012E58C /* AppDelegate.swift in Sources */ = {isa = PBXBuildFile; fileRef = C69389821982ACC80012E58C /* AppDelegate.swift */; };
		C69389851982ACC80012E58C /* ViewController.swift in Sources */ = {isa = PBXBuildFile; fileRef = C69389841982ACC80012E58C /* ViewController.swift */; };
		C69389881982ACC80012E58C /* Main.storyboard in Resources */ = {isa = PBXBuildFile; fileRef = C69389861982ACC80012E58C /* Main.storyboard */; };
		C693898A1982ACC80012E58C /* Images.xcassets in Resources */ = {isa = PBXBuildFile; fileRef = C69389891982ACC80012E58C /* Images.xcassets */; };
		C69389961982ACC80012E58C /* rare_few_Tests.swift in Sources */ = {isa = PBXBuildFile; fileRef = C69389951982ACC80012E58C /* rare_few_Tests.swift */; };
/* End PBXBuildFile section */

/* Begin PBXContainerItemProxy section */
		C69389901982ACC80012E58C /* PBXContainerItemProxy */ = {
			isa = PBXContainerItemProxy;
			containerPortal = C69389751982ACC80012E58C /* Project object */;
			proxyType = 1;
			remoteGlobalIDString = C693897C1982ACC80012E58C;
			remoteInfo = "rare-few!";
		};
/* End PBXContainerItemProxy section */

/* Begin PBXFileReference section */
		C693897D1982ACC80012E58C /* rare-few!.app */ = {isa = PBXFileReference; explicitFileType = wrapper.application; includeInIndex = 0; path = "rare-few!.app"; sourceTree = BUILT_PRODUCTS_DIR; };
		C69389811982ACC80012E58C /* Info.plist */ = {isa = PBXFileReference; lastKnownFileType = text.plist.xml; path = Info.plist; sourceTree = "<group>"; };
		C69389821982ACC80012E58C /* AppDelegate.swift */ = {isa = PBXFileReference; lastKnownFileType = sourcecode.swift; path = AppDelegate.swift; sourceTree = "<group>"; };
		C69389841982ACC80012E58C /* ViewController.swift */ = {isa = PBXFileReference; lastKnownFileType = sourcecode.swift; path = ViewController.swift; sourceTree = "<group>"; };
		C69389871982ACC80012E58C /* Base */ = {isa = PBXFileReference; lastKnownFileType = file.storyboard; name = Base; path = Base.lproj/Main.storyboard; sourceTree = "<group>"; };
		C69389891982ACC80012E58C /* Images.xcassets */ = {isa = PBXFileReference; lastKnownFileType = folder.assetcatalog; path = Images.xcassets; sourceTree = "<group>"; };
		C693898F1982ACC80012E58C /* rare-few!Tests.xctest */ = {isa = PBXFileReference; explicitFileType = wrapper.cfbundle; includeInIndex = 0; path = "rare-few!Tests.xctest"; sourceTree = BUILT_PRODUCTS_DIR; };
		C69389941982ACC80012E58C /* Info.plist */ = {isa = PBXFileReference; lastKnownFileType = text.plist.xml; path = Info.plist; sourceTree = "<group>"; };
		C69389951982ACC80012E58C /* rare_few_Tests.swift */ = {isa = PBXFileReference; lastKnownFileType = sourcecode.swift; path = rare_few_Tests.swift; sourceTree = "<group>"; };
/* End PBXFileReference section */

/* Begin PBXFrameworksBuildPhase section */
		C693897A1982ACC80012E58C /* Frameworks */ = {
			isa = PBXFrameworksBuildPhase;
			buildActionMask = 2147483647;
			files = (
			);
			runOnlyForDeploymentPostprocessing = 0;
		};
		C693898C1982ACC80012E58C /* Frameworks */ = {
			isa = PBXFrameworksBuildPhase;
			buildActionMask = 2147483647;
			files = (
			);
			runOnlyForDeploymentPostprocessing = 0;
		};
/* End PBXFrameworksBuildPhase section */

/* Begin PBXGroup section */
		C69389741982ACC80012E58C = {
			isa = PBXGroup;
			children = (
				C693897F1982ACC80012E58C /* rare-few! */,
				C69389921982ACC80012E58C /* rare-few!Tests */,
				C693897E1982ACC80012E58C /* Products */,
			);
			sourceTree = "<group>";
		};
		C693897E1982ACC80012E58C /* Products */ = {
			isa = PBXGroup;
			children = (
				C693897D1982ACC80012E58C /* rare-few!.app */,
				C693898F1982ACC80012E58C /* rare-few!Tests.xctest */,
			);
			name = Products;
			sourceTree = "<group>";
		};
		C693897F1982ACC80012E58C /* rare-few! */ = {
			isa = PBXGroup;
			children = (
				C69389821982ACC80012E58C /* AppDelegate.swift */,
				C69389841982ACC80012E58C /* ViewController.swift */,
				C69389861982ACC80012E58C /* Main.storyboard */,
				C69389891982ACC80012E58C /* Images.xcassets */,
				C69389801982ACC80012E58C /* Supporting Files */,
			);
			path = "rare-few!";
			sourceTree = "<group>";
		};
		C69389801982ACC80012E58C /* Supporting Files */ = {
			isa = PBXGroup;
			children = (
				C69389811982ACC80012E58C /* Info.plist */,
			);
			name = "Supporting Files";
			sourceTree = "<group>";
		};
		C69389921982ACC80012E58C /* rare-few!Tests */ = {
			isa = PBXGroup;
			children = (
				C69389951982ACC80012E58C /* rare_few_Tests.swift */,
				C69389931982ACC80012E58C /* Supporting Files */,
			);
			path = "rare-few!Tests";
			sourceTree = "<group>";
		};
		C69389931982ACC80012E58C /* Supporting Files */ = {
			isa = PBXGroup;
			children = (
				C69389941982ACC80012E58C /* Info.plist */,
			);
			name = "Supporting Files";
			sourceTree = "<group>";
		};
/* End PBXGroup section */

/* Begin PBXNativeTarget section */
		C693897C1982ACC80012E58C /* rare-few! */ = {
			isa = PBXNativeTarget;
			buildConfigurationList = C69389991982ACC80012E58C /* Build configuration list for PBXNativeTarget "rare-few!" */;
			buildPhases = (
				C69389791982ACC80012E58C /* Sources */,
				C693897A1982ACC80012E58C /* Frameworks */,
				C693897B1982ACC80012E58C /* Resources */,
			);
			buildRules = (
			);
			dependencies = (
			);
			name = "rare-few!";
			productName = "rare-few!";
			productReference = C693897D1982ACC80012E58C /* rare-few!.app */;
			productType = "com.apple.product-type.application";
		};
		C693898E1982ACC80012E58C /* rare-few!Tests */ = {
			isa = PBXNativeTarget;
			buildConfigurationList = C693899C1982ACC80012E58C /* Build configuration list for PBXNativeTarget "rare-few!Tests" */;
			buildPhases = (
				C693898B1982ACC80012E58C /* Sources */,
				C693898C1982ACC80012E58C /* Frameworks */,
				C693898D1982ACC80012E58C /* Resources */,
			);
			buildRules = (
			);
			dependencies = (
				C69389911982ACC80012E58C /* PBXTargetDependency */,
			);
			name = "rare-few!Tests";
			productName = "rare-few!Tests";
			productReference = C693898F1982ACC80012E58C /* rare-few!Tests.xctest */;
			productType = "com.apple.product-type.bundle.unit-test";
		};
/* End PBXNativeTarget section */

/* Begin PBXProject section */
		C69389751982ACC80012E58C /* Project object */ = {
			isa = PBXProject;
			attributes = {
				LastUpgradeCheck = 0600;
				ORGANIZATIONNAME = "Yandex, LLC";
				TargetAttributes = {
					C693897C1982ACC80012E58C = {
						CreatedOnToolsVersion = 6.0;
						SystemCapabilities = {
							com.apple.BackgroundModes = {
								enabled = 1;
							};
						};
					};
					C693898E1982ACC80012E58C = {
						CreatedOnToolsVersion = 6.0;
						TestTargetID = C693897C1982ACC80012E58C;
					};
				};
			};
			buildConfigurationList = C69389781982ACC80012E58C /* Build configuration list for PBXProject "rare-few!" */;
			compatibilityVersion = "Xcode 3.2";
			developmentRegion = English;
			hasScannedForEncodings = 0;
			knownRegions = (
				en,
				Base,
			);
			mainGroup = C69389741982ACC80012E58C;
			productRefGroup = C693897E1982ACC80012E58C /* Products */;
			projectDirPath = "";
			projectRoot = "";
			targets = (
				C693897C1982ACC80012E58C /* rare-few! */,
				C693898E1982ACC80012E58C /* rare-few!Tests */,
			);
		};
/* End PBXProject section */

/* Begin PBXResourcesBuildPhase section */
		C693897B1982ACC80012E58C /* Resources */ = {
			isa = PBXResourcesBuildPhase;
			buildActionMask = 2147483647;
			files = (
				C69389881982ACC80012E58C /* Main.storyboard in Resources */,
				C693898A1982ACC80012E58C /* Images.xcassets in Resources */,
			);
			runOnlyForDeploymentPostprocessing = 0;
		};
		C693898D1982ACC80012E58C /* Resources */ = {
			isa = PBXResourcesBuildPhase;
			buildActionMask = 2147483647;
			files = (
			);
			runOnlyForDeploymentPostprocessing = 0;
		};
/* End PBXResourcesBuildPhase section */

/* Begin PBXSourcesBuildPhase section */
		C69389791982ACC80012E58C /* Sources */ = {
			isa = PBXSourcesBuildPhase;
			buildActionMask = 2147483647;
			files = (
				C69389851982ACC80012E58C /* ViewController.swift in Sources */,
				C69389831982ACC80012E58C /* AppDelegate.swift in Sources */,
			);
			runOnlyForDeploymentPostprocessing = 0;
		};
		C693898B1982ACC80012E58C /* Sources */ = {
			isa = PBXSourcesBuildPhase;
			buildActionMask = 2147483647;
			files = (
				C69389961982ACC80012E58C /* rare_few_Tests.swift in Sources */,
			);
			runOnlyForDeploymentPostprocessing = 0;
		};
/* End PBXSourcesBuildPhase section */

/* Begin PBXTargetDependency section */
		C69389911982ACC80012E58C /* PBXTargetDependency */ = {
			isa = PBXTargetDependency;
			target = C693897C1982ACC80012E58C /* rare-few! */;
			targetProxy = C69389901982ACC80012E58C /* PBXContainerItemProxy */;
		};
/* End PBXTargetDependency section */

/* Begin PBXVariantGroup section */
		C69389861982ACC80012E58C /* Main.storyboard */ = {
			isa = PBXVariantGroup;
			children = (
				C69389871982ACC80012E58C /* Base */,
			);
			name = Main.storyboard;
			sourceTree = "<group>";
		};
/* End PBXVariantGroup section */

/* Begin XCBuildConfiguration section */
		C69389971982ACC80012E58C /* Debug */ = {
			isa = XCBuildConfiguration;
			buildSettings = {
				ALWAYS_SEARCH_USER_PATHS = NO;
				CLANG_CXX_LANGUAGE_STANDARD = "gnu++0x";
				CLANG_CXX_LIBRARY = "libc++";
				CLANG_ENABLE_MODULES = YES;
				CLANG_ENABLE_OBJC_ARC = YES;
				CLANG_WARN_BOOL_CONVERSION = YES;
				CLANG_WARN_CONSTANT_CONVERSION = YES;
				CLANG_WARN_DIRECT_OBJC_ISA_USAGE = YES_ERROR;
				CLANG_WARN_EMPTY_BODY = YES;
				CLANG_WARN_ENUM_CONVERSION = YES;
				CLANG_WARN_INT_CONVERSION = YES;
				CLANG_WARN_OBJC_ROOT_CLASS = YES_ERROR;
				CLANG_WARN_UNREACHABLE_CODE = YES;
				CLANG_WARN__DUPLICATE_METHOD_MATCH = YES;
				"CODE_SIGN_IDENTITY[sdk=iphoneos*]" = "iPhone Developer";
				COPY_PHASE_STRIP = NO;
				ENABLE_STRICT_OBJC_MSGSEND = YES;
				GCC_C_LANGUAGE_STANDARD = gnu99;
				GCC_DYNAMIC_NO_PIC = NO;
				GCC_OPTIMIZATION_LEVEL = 0;
				GCC_PREPROCESSOR_DEFINITIONS = (
					"DEBUG=1",
					"$(inherited)",
				);
				GCC_SYMBOLS_PRIVATE_EXTERN = NO;
				GCC_WARN_64_TO_32_BIT_CONVERSION = YES;
				GCC_WARN_ABOUT_RETURN_TYPE = YES_ERROR;
				GCC_WARN_UNDECLARED_SELECTOR = YES;
				GCC_WARN_UNINITIALIZED_AUTOS = YES_AGGRESSIVE;
				GCC_WARN_UNUSED_FUNCTION = YES;
				GCC_WARN_UNUSED_VARIABLE = YES;
				IPHONEOS_DEPLOYMENT_TARGET = 8.0;
				MTL_ENABLE_DEBUG_INFO = YES;
				ONLY_ACTIVE_ARCH = YES;
				SDKROOT = iphoneos;
				SWIFT_OPTIMIZATION_LEVEL = "-Onone";
				TARGETED_DEVICE_FAMILY = "1,2";
			};
			name = Debug;
		};
		C69389981982ACC80012E58C /* Release */ = {
			isa = XCBuildConfiguration;
			buildSettings = {
				ALWAYS_SEARCH_USER_PATHS = NO;
				CLANG_CXX_LANGUAGE_STANDARD = "gnu++0x";
				CLANG_CXX_LIBRARY = "libc++";
				CLANG_ENABLE_MODULES = YES;
				CLANG_ENABLE_OBJC_ARC = YES;
				CLANG_WARN_BOOL_CONVERSION = YES;
				CLANG_WARN_CONSTANT_CONVERSION = YES;
				CLANG_WARN_DIRECT_OBJC_ISA_USAGE = YES_ERROR;
				CLANG_WARN_EMPTY_BODY = YES;
				CLANG_WARN_ENUM_CONVERSION = YES;
				CLANG_WARN_INT_CONVERSION = YES;
				CLANG_WARN_OBJC_ROOT_CLASS = YES_ERROR;
				CLANG_WARN_UNREACHABLE_CODE = YES;
				CLANG_WARN__DUPLICATE_METHOD_MATCH = YES;
				"CODE_SIGN_IDENTITY[sdk=iphoneos*]" = "iPhone Developer";
				COPY_PHASE_STRIP = YES;
				ENABLE_NS_ASSERTIONS = NO;
				ENABLE_STRICT_OBJC_MSGSEND = YES;
				GCC_C_LANGUAGE_STANDARD = gnu99;
				GCC_WARN_64_TO_32_BIT_CONVERSION = YES;
				GCC_WARN_ABOUT_RETURN_TYPE = YES_ERROR;
				GCC_WARN_UNDECLARED_SELECTOR = YES;
				GCC_WARN_UNINITIALIZED_AUTOS = YES_AGGRESSIVE;
				GCC_WARN_UNUSED_FUNCTION = YES;
				GCC_WARN_UNUSED_VARIABLE = YES;
				IPHONEOS_DEPLOYMENT_TARGET = 8.0;
				MTL_ENABLE_DEBUG_INFO = NO;
				SDKROOT = iphoneos;
				TARGETED_DEVICE_FAMILY = "1,2";
				VALIDATE_PRODUCT = YES;
			};
			name = Release;
		};
		C693899A1982ACC80012E58C /* Debug */ = {
			isa = XCBuildConfiguration;
			buildSettings = {
				ASSETCATALOG_COMPILER_APPICON_NAME = AppIcon;
				ASSETCATALOG_COMPILER_LAUNCHIMAGE_NAME = LaunchImage;
				INFOPLIST_FILE = "rare-few!/Info.plist";
				LD_RUNPATH_SEARCH_PATHS = "$(inherited) @executable_path/Frameworks";
				PRODUCT_NAME = "$(TARGET_NAME)";
			};
			name = Debug;
		};
		C693899B1982ACC80012E58C /* Release */ = {
			isa = XCBuildConfiguration;
			buildSettings = {
				ASSETCATALOG_COMPILER_APPICON_NAME = AppIcon;
				ASSETCATALOG_COMPILER_LAUNCHIMAGE_NAME = LaunchImage;
				INFOPLIST_FILE = "rare-few!/Info.plist";
				LD_RUNPATH_SEARCH_PATHS = "$(inherited) @executable_path/Frameworks";
				PRODUCT_NAME = "$(TARGET_NAME)";
			};
			name = Release;
		};
		C693899D1982ACC80012E58C /* Debug */ = {
			isa = XCBuildConfiguration;
			buildSettings = {
				BUNDLE_LOADER = "$(BUILT_PRODUCTS_DIR)/rare-few!.app/rare-few!";
				FRAMEWORK_SEARCH_PATHS = (
					"$(SDKROOT)/Developer/Library/Frameworks",
					"$(inherited)",
				);
				GCC_PREPROCESSOR_DEFINITIONS = (
					"DEBUG=1",
					"$(inherited)",
				);
				INFOPLIST_FILE = "rare-few!Tests/Info.plist";
				LD_RUNPATH_SEARCH_PATHS = "$(inherited) @executable_path/Frameworks @loader_path/Frameworks";
				PRODUCT_NAME = "$(TARGET_NAME)";
				TEST_HOST = "$(BUNDLE_LOADER)";
			};
			name = Debug;
		};
		C693899E1982ACC80012E58C /* Release */ = {
			isa = XCBuildConfiguration;
			buildSettings = {
				BUNDLE_LOADER = "$(BUILT_PRODUCTS_DIR)/rare-few!.app/rare-few!";
				FRAMEWORK_SEARCH_PATHS = (
					"$(SDKROOT)/Developer/Library/Frameworks",
					"$(inherited)",
				);
				INFOPLIST_FILE = "rare-few!Tests/Info.plist";
				LD_RUNPATH_SEARCH_PATHS = "$(inherited) @executable_path/Frameworks @loader_path/Frameworks";
				PRODUCT_NAME = "$(TARGET_NAME)";
				TEST_HOST = "$(BUNDLE_LOADER)";
			};
			name = Release;
		};
/* End XCBuildConfiguration section */

/* Begin XCConfigurationList section */
		C69389781982ACC80012E58C /* Build configuration list for PBXProject "rare-few!" */ = {
			isa = XCConfigurationList;
			buildConfigurations = (
				C69389971982ACC80012E58C /* Debug */,
				C69389981982ACC80012E58C /* Release */,
			);
			defaultConfigurationIsVisible = 0;
			defaultConfigurationName = Release;
		};
		C69389991982ACC80012E58C /* Build configuration list for PBXNativeTarget "rare-few!" */ = {
			isa = XCConfigurationList;
			buildConfigurations = (
				C693899A1982ACC80012E58C /* Debug */,
				C693899B1982ACC80012E58C /* Release */,
			);
			defaultConfigurationIsVisible = 0;
		};
		C693899C1982ACC80012E58C /* Build configuration list for PBXNativeTarget "rare-few!Tests" */ = {
			isa = XCConfigurationList;
			buildConfigurations = (
				C693899D1982ACC80012E58C /* Debug */,
				C693899E1982ACC80012E58C /* Release */,
			);
			defaultConfigurationIsVisible = 0;
		};
/* End XCConfigurationList section */
	};
	rootObject = C69389751982ACC80012E58C /* Project object */;
}
