// !$*UTF8*$!
{
	archiveVersion = 1;
	classes = {
	};
	objectVersion = 46;
	objects = {

/* Begin PBXBuildFile section */
		C6AF3A9819E518FF00D478F9 /* main.m in Sources */ = {isa = PBXBuildFile; fileRef = C6AF3A9719E518FF00D478F9 /* main.m */; };
		C6AF3A9B19E518FF00D478F9 /* AppDelegate.m in Sources */ = {isa = PBXBuildFile; fileRef = C6AF3A9A19E518FF00D478F9 /* AppDelegate.m */; };
		C6AF3A9E19E518FF00D478F9 /* ViewController.m in Sources */ = {isa = PBXBuildFile; fileRef = C6AF3A9D19E518FF00D478F9 /* ViewController.m */; };
		C6AF3AA119E518FF00D478F9 /* Main.storyboard in Resources */ = {isa = PBXBuildFile; fileRef = C6AF3A9F19E518FF00D478F9 /* Main.storyboard */; };
		C6AF3AA319E518FF00D478F9 /* Images.xcassets in Resources */ = {isa = PBXBuildFile; fileRef = C6AF3AA219E518FF00D478F9 /* Images.xcassets */; };
		C6AF3AA619E518FF00D478F9 /* LaunchScreen.xib in Resources */ = {isa = PBXBuildFile; fileRef = C6AF3AA419E518FF00D478F9 /* LaunchScreen.xib */; };
		C6AF3AB219E518FF00D478F9 /* justBackgroundFetchTests.m in Sources */ = {isa = PBXBuildFile; fileRef = C6AF3AB119E518FF00D478F9 /* justBackgroundFetchTests.m */; };
/* End PBXBuildFile section */

/* Begin PBXContainerItemProxy section */
		C6AF3AAC19E518FF00D478F9 /* PBXContainerItemProxy */ = {
			isa = PBXContainerItemProxy;
			containerPortal = C6AF3A8A19E518FF00D478F9 /* Project object */;
			proxyType = 1;
			remoteGlobalIDString = C6AF3A9119E518FF00D478F9;
			remoteInfo = justBackgroundFetch;
		};
/* End PBXContainerItemProxy section */

/* Begin PBXFileReference section */
		C6AF3A9219E518FF00D478F9 /* justBackgroundFetch.app */ = {isa = PBXFileReference; explicitFileType = wrapper.application; includeInIndex = 0; path = justBackgroundFetch.app; sourceTree = BUILT_PRODUCTS_DIR; };
		C6AF3A9619E518FF00D478F9 /* Info.plist */ = {isa = PBXFileReference; lastKnownFileType = text.plist.xml; path = Info.plist; sourceTree = "<group>"; };
		C6AF3A9719E518FF00D478F9 /* main.m */ = {isa = PBXFileReference; lastKnownFileType = sourcecode.c.objc; path = main.m; sourceTree = "<group>"; };
		C6AF3A9919E518FF00D478F9 /* AppDelegate.h */ = {isa = PBXFileReference; lastKnownFileType = sourcecode.c.h; path = AppDelegate.h; sourceTree = "<group>"; };
		C6AF3A9A19E518FF00D478F9 /* AppDelegate.m */ = {isa = PBXFileReference; lastKnownFileType = sourcecode.c.objc; path = AppDelegate.m; sourceTree = "<group>"; };
		C6AF3A9C19E518FF00D478F9 /* ViewController.h */ = {isa = PBXFileReference; lastKnownFileType = sourcecode.c.h; path = ViewController.h; sourceTree = "<group>"; };
		C6AF3A9D19E518FF00D478F9 /* ViewController.m */ = {isa = PBXFileReference; lastKnownFileType = sourcecode.c.objc; path = ViewController.m; sourceTree = "<group>"; };
		C6AF3AA019E518FF00D478F9 /* Base */ = {isa = PBXFileReference; lastKnownFileType = file.storyboard; name = Base; path = Base.lproj/Main.storyboard; sourceTree = "<group>"; };
		C6AF3AA219E518FF00D478F9 /* Images.xcassets */ = {isa = PBXFileReference; lastKnownFileType = folder.assetcatalog; path = Images.xcassets; sourceTree = "<group>"; };
		C6AF3AA519E518FF00D478F9 /* Base */ = {isa = PBXFileReference; lastKnownFileType = file.xib; name = Base; path = Base.lproj/LaunchScreen.xib; sourceTree = "<group>"; };
		C6AF3AAB19E518FF00D478F9 /* justBackgroundFetchTests.xctest */ = {isa = PBXFileReference; explicitFileType = wrapper.cfbundle; includeInIndex = 0; path = justBackgroundFetchTests.xctest; sourceTree = BUILT_PRODUCTS_DIR; };
		C6AF3AB019E518FF00D478F9 /* Info.plist */ = {isa = PBXFileReference; lastKnownFileType = text.plist.xml; path = Info.plist; sourceTree = "<group>"; };
		C6AF3AB119E518FF00D478F9 /* justBackgroundFetchTests.m */ = {isa = PBXFileReference; lastKnownFileType = sourcecode.c.objc; path = justBackgroundFetchTests.m; sourceTree = "<group>"; };
/* End PBXFileReference section */

/* Begin PBXFrameworksBuildPhase section */
		C6AF3A8F19E518FF00D478F9 /* Frameworks */ = {
			isa = PBXFrameworksBuildPhase;
			buildActionMask = 2147483647;
			files = (
			);
			runOnlyForDeploymentPostprocessing = 0;
		};
		C6AF3AA819E518FF00D478F9 /* Frameworks */ = {
			isa = PBXFrameworksBuildPhase;
			buildActionMask = 2147483647;
			files = (
			);
			runOnlyForDeploymentPostprocessing = 0;
		};
/* End PBXFrameworksBuildPhase section */

/* Begin PBXGroup section */
		C6AF3A8919E518FF00D478F9 = {
			isa = PBXGroup;
			children = (
				C6AF3A9419E518FF00D478F9 /* justBackgroundFetch */,
				C6AF3AAE19E518FF00D478F9 /* justBackgroundFetchTests */,
				C6AF3A9319E518FF00D478F9 /* Products */,
			);
			sourceTree = "<group>";
		};
		C6AF3A9319E518FF00D478F9 /* Products */ = {
			isa = PBXGroup;
			children = (
				C6AF3A9219E518FF00D478F9 /* justBackgroundFetch.app */,
				C6AF3AAB19E518FF00D478F9 /* justBackgroundFetchTests.xctest */,
			);
			name = Products;
			sourceTree = "<group>";
		};
		C6AF3A9419E518FF00D478F9 /* justBackgroundFetch */ = {
			isa = PBXGroup;
			children = (
				C6AF3A9919E518FF00D478F9 /* AppDelegate.h */,
				C6AF3A9A19E518FF00D478F9 /* AppDelegate.m */,
				C6AF3A9C19E518FF00D478F9 /* ViewController.h */,
				C6AF3A9D19E518FF00D478F9 /* ViewController.m */,
				C6AF3A9F19E518FF00D478F9 /* Main.storyboard */,
				C6AF3AA219E518FF00D478F9 /* Images.xcassets */,
				C6AF3AA419E518FF00D478F9 /* LaunchScreen.xib */,
				C6AF3A9519E518FF00D478F9 /* Supporting Files */,
			);
			path = justBackgroundFetch;
			sourceTree = "<group>";
		};
		C6AF3A9519E518FF00D478F9 /* Supporting Files */ = {
			isa = PBXGroup;
			children = (
				C6AF3A9619E518FF00D478F9 /* Info.plist */,
				C6AF3A9719E518FF00D478F9 /* main.m */,
			);
			name = "Supporting Files";
			sourceTree = "<group>";
		};
		C6AF3AAE19E518FF00D478F9 /* justBackgroundFetchTests */ = {
			isa = PBXGroup;
			children = (
				C6AF3AB119E518FF00D478F9 /* justBackgroundFetchTests.m */,
				C6AF3AAF19E518FF00D478F9 /* Supporting Files */,
			);
			path = justBackgroundFetchTests;
			sourceTree = "<group>";
		};
		C6AF3AAF19E518FF00D478F9 /* Supporting Files */ = {
			isa = PBXGroup;
			children = (
				C6AF3AB019E518FF00D478F9 /* Info.plist */,
			);
			name = "Supporting Files";
			sourceTree = "<group>";
		};
/* End PBXGroup section */

/* Begin PBXNativeTarget section */
		C6AF3A9119E518FF00D478F9 /* justBackgroundFetch */ = {
			isa = PBXNativeTarget;
			buildConfigurationList = C6AF3AB519E518FF00D478F9 /* Build configuration list for PBXNativeTarget "justBackgroundFetch" */;
			buildPhases = (
				C6AF3A8E19E518FF00D478F9 /* Sources */,
				C6AF3A8F19E518FF00D478F9 /* Frameworks */,
				C6AF3A9019E518FF00D478F9 /* Resources */,
			);
			buildRules = (
			);
			dependencies = (
			);
			name = justBackgroundFetch;
			productName = justBackgroundFetch;
			productReference = C6AF3A9219E518FF00D478F9 /* justBackgroundFetch.app */;
			productType = "com.apple.product-type.application";
		};
		C6AF3AAA19E518FF00D478F9 /* justBackgroundFetchTests */ = {
			isa = PBXNativeTarget;
			buildConfigurationList = C6AF3AB819E518FF00D478F9 /* Build configuration list for PBXNativeTarget "justBackgroundFetchTests" */;
			buildPhases = (
				C6AF3AA719E518FF00D478F9 /* Sources */,
				C6AF3AA819E518FF00D478F9 /* Frameworks */,
				C6AF3AA919E518FF00D478F9 /* Resources */,
			);
			buildRules = (
			);
			dependencies = (
				C6AF3AAD19E518FF00D478F9 /* PBXTargetDependency */,
			);
			name = justBackgroundFetchTests;
			productName = justBackgroundFetchTests;
			productReference = C6AF3AAB19E518FF00D478F9 /* justBackgroundFetchTests.xctest */;
			productType = "com.apple.product-type.bundle.unit-test";
		};
/* End PBXNativeTarget section */

/* Begin PBXProject section */
		C6AF3A8A19E518FF00D478F9 /* Project object */ = {
			isa = PBXProject;
			attributes = {
				LastUpgradeCheck = 0600;
				ORGANIZATIONNAME = TestOrg;
				TargetAttributes = {
					C6AF3A9119E518FF00D478F9 = {
						CreatedOnToolsVersion = 6.0.1;
						SystemCapabilities = {
							com.apple.BackgroundModes = {
								enabled = 1;
							};
						};
					};
					C6AF3AAA19E518FF00D478F9 = {
						CreatedOnToolsVersion = 6.0.1;
						TestTargetID = C6AF3A9119E518FF00D478F9;
					};
				};
			};
			buildConfigurationList = C6AF3A8D19E518FF00D478F9 /* Build configuration list for PBXProject "justBackgroundFetch" */;
			compatibilityVersion = "Xcode 3.2";
			developmentRegion = English;
			hasScannedForEncodings = 0;
			knownRegions = (
				en,
				Base,
			);
			mainGroup = C6AF3A8919E518FF00D478F9;
			productRefGroup = C6AF3A9319E518FF00D478F9 /* Products */;
			projectDirPath = "";
			projectRoot = "";
			targets = (
				C6AF3A9119E518FF00D478F9 /* justBackgroundFetch */,
				C6AF3AAA19E518FF00D478F9 /* justBackgroundFetchTests */,
			);
		};
/* End PBXProject section */

/* Begin PBXResourcesBuildPhase section */
		C6AF3A9019E518FF00D478F9 /* Resources */ = {
			isa = PBXResourcesBuildPhase;
			buildActionMask = 2147483647;
			files = (
				C6AF3AA119E518FF00D478F9 /* Main.storyboard in Resources */,
				C6AF3AA619E518FF00D478F9 /* LaunchScreen.xib in Resources */,
				C6AF3AA319E518FF00D478F9 /* Images.xcassets in Resources */,
			);
			runOnlyForDeploymentPostprocessing = 0;
		};
		C6AF3AA919E518FF00D478F9 /* Resources */ = {
			isa = PBXResourcesBuildPhase;
			buildActionMask = 2147483647;
			files = (
			);
			runOnlyForDeploymentPostprocessing = 0;
		};
/* End PBXResourcesBuildPhase section */

/* Begin PBXSourcesBuildPhase section */
		C6AF3A8E19E518FF00D478F9 /* Sources */ = {
			isa = PBXSourcesBuildPhase;
			buildActionMask = 2147483647;
			files = (
				C6AF3A9E19E518FF00D478F9 /* ViewController.m in Sources */,
				C6AF3A9B19E518FF00D478F9 /* AppDelegate.m in Sources */,
				C6AF3A9819E518FF00D478F9 /* main.m in Sources */,
			);
			runOnlyForDeploymentPostprocessing = 0;
		};
		C6AF3AA719E518FF00D478F9 /* Sources */ = {
			isa = PBXSourcesBuildPhase;
			buildActionMask = 2147483647;
			files = (
				C6AF3AB219E518FF00D478F9 /* justBackgroundFetchTests.m in Sources */,
			);
			runOnlyForDeploymentPostprocessing = 0;
		};
/* End PBXSourcesBuildPhase section */

/* Begin PBXTargetDependency section */
		C6AF3AAD19E518FF00D478F9 /* PBXTargetDependency */ = {
			isa = PBXTargetDependency;
			target = C6AF3A9119E518FF00D478F9 /* justBackgroundFetch */;
			targetProxy = C6AF3AAC19E518FF00D478F9 /* PBXContainerItemProxy */;
		};
/* End PBXTargetDependency section */

/* Begin PBXVariantGroup section */
		C6AF3A9F19E518FF00D478F9 /* Main.storyboard */ = {
			isa = PBXVariantGroup;
			children = (
				C6AF3AA019E518FF00D478F9 /* Base */,
			);
			name = Main.storyboard;
			sourceTree = "<group>";
		};
		C6AF3AA419E518FF00D478F9 /* LaunchScreen.xib */ = {
			isa = PBXVariantGroup;
			children = (
				C6AF3AA519E518FF00D478F9 /* Base */,
			);
			name = LaunchScreen.xib;
			sourceTree = "<group>";
		};
/* End PBXVariantGroup section */

/* Begin XCBuildConfiguration section */
		C6AF3AB319E518FF00D478F9 /* Debug */ = {
			isa = XCBuildConfiguration;
			buildSettings = {
				ALWAYS_SEARCH_USER_PATHS = NO;
				CLANG_CXX_LANGUAGE_STANDARD = "gnu++0x";
				CLANG_CXX_LIBRARY = "libc++";
				CLANG_ENABLE_MODULES = YES;
				CLANG_ENABLE_OBJC_ARC = YES;
				CLANG_WARN_BOOL_CONVERSION = YES;
				CLANG_WARN_CONSTANT_CONVERSION = YES;
				CLANG_WARN_DIRECT_OBJC_ISA_USAGE = YES_ERROR;
				CLANG_WARN_EMPTY_BODY = YES;
				CLANG_WARN_ENUM_CONVERSION = YES;
				CLANG_WARN_INT_CONVERSION = YES;
				CLANG_WARN_OBJC_ROOT_CLASS = YES_ERROR;
				CLANG_WARN_UNREACHABLE_CODE = YES;
				CLANG_WARN__DUPLICATE_METHOD_MATCH = YES;
				"CODE_SIGN_IDENTITY[sdk=iphoneos*]" = "iPhone Developer";
				COPY_PHASE_STRIP = NO;
				ENABLE_STRICT_OBJC_MSGSEND = YES;
				GCC_C_LANGUAGE_STANDARD = gnu99;
				GCC_DYNAMIC_NO_PIC = NO;
				GCC_OPTIMIZATION_LEVEL = 0;
				GCC_PREPROCESSOR_DEFINITIONS = (
					"DEBUG=1",
					"$(inherited)",
				);
				GCC_SYMBOLS_PRIVATE_EXTERN = NO;
				GCC_WARN_64_TO_32_BIT_CONVERSION = YES;
				GCC_WARN_ABOUT_RETURN_TYPE = YES_ERROR;
				GCC_WARN_UNDECLARED_SELECTOR = YES;
				GCC_WARN_UNINITIALIZED_AUTOS = YES_AGGRESSIVE;
				GCC_WARN_UNUSED_FUNCTION = YES;
				GCC_WARN_UNUSED_VARIABLE = YES;
				IPHONEOS_DEPLOYMENT_TARGET = 8.0;
				MTL_ENABLE_DEBUG_INFO = YES;
				ONLY_ACTIVE_ARCH = YES;
				SDKROOT = iphoneos;
				TARGETED_DEVICE_FAMILY = "1,2";
			};
			name = Debug;
		};
		C6AF3AB419E518FF00D478F9 /* Release */ = {
			isa = XCBuildConfiguration;
			buildSettings = {
				ALWAYS_SEARCH_USER_PATHS = NO;
				CLANG_CXX_LANGUAGE_STANDARD = "gnu++0x";
				CLANG_CXX_LIBRARY = "libc++";
				CLANG_ENABLE_MODULES = YES;
				CLANG_ENABLE_OBJC_ARC = YES;
				CLANG_WARN_BOOL_CONVERSION = YES;
				CLANG_WARN_CONSTANT_CONVERSION = YES;
				CLANG_WARN_DIRECT_OBJC_ISA_USAGE = YES_ERROR;
				CLANG_WARN_EMPTY_BODY = YES;
				CLANG_WARN_ENUM_CONVERSION = YES;
				CLANG_WARN_INT_CONVERSION = YES;
				CLANG_WARN_OBJC_ROOT_CLASS = YES_ERROR;
				CLANG_WARN_UNREACHABLE_CODE = YES;
				CLANG_WARN__DUPLICATE_METHOD_MATCH = YES;
				"CODE_SIGN_IDENTITY[sdk=iphoneos*]" = "iPhone Developer";
				COPY_PHASE_STRIP = YES;
				ENABLE_NS_ASSERTIONS = NO;
				ENABLE_STRICT_OBJC_MSGSEND = YES;
				GCC_C_LANGUAGE_STANDARD = gnu99;
				GCC_WARN_64_TO_32_BIT_CONVERSION = YES;
				GCC_WARN_ABOUT_RETURN_TYPE = YES_ERROR;
				GCC_WARN_UNDECLARED_SELECTOR = YES;
				GCC_WARN_UNINITIALIZED_AUTOS = YES_AGGRESSIVE;
				GCC_WARN_UNUSED_FUNCTION = YES;
				GCC_WARN_UNUSED_VARIABLE = YES;
				IPHONEOS_DEPLOYMENT_TARGET = 8.0;
				MTL_ENABLE_DEBUG_INFO = NO;
				SDKROOT = iphoneos;
				TARGETED_DEVICE_FAMILY = "1,2";
				VALIDATE_PRODUCT = YES;
			};
			name = Release;
		};
		C6AF3AB619E518FF00D478F9 /* Debug */ = {
			isa = XCBuildConfiguration;
			buildSettings = {
				ASSETCATALOG_COMPILER_APPICON_NAME = AppIcon;
				INFOPLIST_FILE = justBackgroundFetch/Info.plist;
				LD_RUNPATH_SEARCH_PATHS = "$(inherited) @executable_path/Frameworks";
				PRODUCT_NAME = "$(TARGET_NAME)";
			};
			name = Debug;
		};
		C6AF3AB719E518FF00D478F9 /* Release */ = {
			isa = XCBuildConfiguration;
			buildSettings = {
				ASSETCATALOG_COMPILER_APPICON_NAME = AppIcon;
				INFOPLIST_FILE = justBackgroundFetch/Info.plist;
				LD_RUNPATH_SEARCH_PATHS = "$(inherited) @executable_path/Frameworks";
				PRODUCT_NAME = "$(TARGET_NAME)";
			};
			name = Release;
		};
		C6AF3AB919E518FF00D478F9 /* Debug */ = {
			isa = XCBuildConfiguration;
			buildSettings = {
				BUNDLE_LOADER = "$(TEST_HOST)";
				FRAMEWORK_SEARCH_PATHS = (
					"$(SDKROOT)/Developer/Library/Frameworks",
					"$(inherited)",
				);
				GCC_PREPROCESSOR_DEFINITIONS = (
					"DEBUG=1",
					"$(inherited)",
				);
				INFOPLIST_FILE = justBackgroundFetchTests/Info.plist;
				LD_RUNPATH_SEARCH_PATHS = "$(inherited) @executable_path/Frameworks @loader_path/Frameworks";
				PRODUCT_NAME = "$(TARGET_NAME)";
				TEST_HOST = "$(BUILT_PRODUCTS_DIR)/justBackgroundFetch.app/justBackgroundFetch";
			};
			name = Debug;
		};
		C6AF3ABA19E518FF00D478F9 /* Release */ = {
			isa = XCBuildConfiguration;
			buildSettings = {
				BUNDLE_LOADER = "$(TEST_HOST)";
				FRAMEWORK_SEARCH_PATHS = (
					"$(SDKROOT)/Developer/Library/Frameworks",
					"$(inherited)",
				);
				INFOPLIST_FILE = justBackgroundFetchTests/Info.plist;
				LD_RUNPATH_SEARCH_PATHS = "$(inherited) @executable_path/Frameworks @loader_path/Frameworks";
				PRODUCT_NAME = "$(TARGET_NAME)";
				TEST_HOST = "$(BUILT_PRODUCTS_DIR)/justBackgroundFetch.app/justBackgroundFetch";
			};
			name = Release;
		};
/* End XCBuildConfiguration section */

/* Begin XCConfigurationList section */
		C6AF3A8D19E518FF00D478F9 /* Build configuration list for PBXProject "justBackgroundFetch" */ = {
			isa = XCConfigurationList;
			buildConfigurations = (
				C6AF3AB319E518FF00D478F9 /* Debug */,
				C6AF3AB419E518FF00D478F9 /* Release */,
			);
			defaultConfigurationIsVisible = 0;
			defaultConfigurationName = Release;
		};
		C6AF3AB519E518FF00D478F9 /* Build configuration list for PBXNativeTarget "justBackgroundFetch" */ = {
			isa = XCConfigurationList;
			buildConfigurations = (
				C6AF3AB619E518FF00D478F9 /* Debug */,
				C6AF3AB719E518FF00D478F9 /* Release */,
			);
			defaultConfigurationIsVisible = 0;
		};
		C6AF3AB819E518FF00D478F9 /* Build configuration list for PBXNativeTarget "justBackgroundFetchTests" */ = {
			isa = XCConfigurationList;
			buildConfigurations = (
				C6AF3AB919E518FF00D478F9 /* Debug */,
				C6AF3ABA19E518FF00D478F9 /* Release */,
			);
			defaultConfigurationIsVisible = 0;
		};
/* End XCConfigurationList section */
	};
	rootObject = C6AF3A8A19E518FF00D478F9 /* Project object */;
}
